
Microsoft Visual Studio Solution File, Format Version 12.00
# Visual Studio Version 17
VisualStudioVersion = 17.7.34018.315
MinimumVisualStudioVersion = 10.0.40219.1
Project("{FAE04EC0-301F-11D3-BF4B-00C04F79EFBC}") = "OperatorOverloadingExcercise2", "OperatorOverloadingExcercise2.csproj", "{BD1708ED-B422-4F7E-8909-0192F395E5C9}"
EndProject
Global
	GlobalSection(SolutionConfigurationPlatforms) = preSolution
		Debug|Any CPU = Debug|Any CPU
		Release|Any CPU = Release|Any CPU
	EndGlobalSection
	GlobalSection(ProjectConfigurationPlatforms) = postSolution
		{BD1708ED-B422-4F7E-8909-0192F395E5C9}.Debug|Any CPU.ActiveCfg = Debug|Any CPU
		{BD1708ED-B422-4F7E-8909-0192F395E5C9}.Debug|Any CPU.Build.0 = Debug|Any CPU
		{BD1708ED-B422-4F7E-8909-0192F395E5C9}.Release|Any CPU.ActiveCfg = Release|Any CPU
		{BD1708ED-B422-4F7E-8909-0192F395E5C9}.Release|Any CPU.Build.0 = Release|Any CPU
	EndGlobalSection
	GlobalSection(SolutionProperties) = preSolution
		HideSolutionNode = FALSE
	EndGlobalSection
	GlobalSection(ExtensibilityGlobals) = postSolution
		SolutionGuid = {27FEBC7B-C045-4FE1-9EB3-8F9B8434787B}
	EndGlobalSection
EndGlobal
